{
  "name": "web-audio-write",
  "version": "2.0.1",
  "lockfileVersion": 1,
  "requires": true,
  "dependencies": {
    "audioworklet-polyfill": {
      "version": "1.1.2",
      "resolved": "https://registry.npmjs.org/audioworklet-polyfill/-/audioworklet-polyfill-1.1.2.tgz",
      "integrity": "sha512-W6GpXVksUuT6/PTAFosLg98yU0wvCYBltNjgsAse3GCL8VFlZNnqTztvQ4Z0ZXg34olw/zHXjXnNX/0Q/kyapA=="
    },
    "tst": {
      "version": "6.1.1",
      "resolved": "https://registry.npmjs.org/tst/-/tst-6.1.1.tgz",
      "integrity": "sha512-a5tIujKhNBIQp0n6jlqzNSM/c8DTLX1b5Zf/0lV4NG1fWIoc7LioFFOqkYWgNmFXnBBkOP3zzLXJMdN2AvKasw==",
      "dev": true
    }
  }
}
